
Microsoft Visual Studio Solution File, Format Version 12.00
# Visual Studio Version 16
VisualStudioVersion = 16.0.29509.3
MinimumVisualStudioVersion = 10.0.40219.1
Project("{9A19103F-16F7-4668-BE54-9A1E7A4F7556}") = "Injector", "Injector\Injector.csproj", "{EB85EFDF-FA65-4130-98BA-0D3AB8ECEFED}"
EndProject
Project("{2150E333-8FDC-42A3-9474-1A3956D46DE8}") = "Solution Items", "Solution Items", "{12634420-DB3F-43E8-9273-D9B761064D59}"
	ProjectSection(SolutionItems) = preProject
		.gitignore = .gitignore
		.gitlab-ci.yml = .gitlab-ci.yml
		CHANGELOG.md = CHANGELOG.md
		LICENSE = LICENSE
		README.md = README.md
	EndProjectSection
EndProject
Project("{2150E333-8FDC-42A3-9474-1A3956D46DE8}") = "configs", "configs", "{A7D16816-0B33-44E3-9BE7-C0D4C91B8795}"
	ProjectSection(SolutionItems) = preProject
		debug-configs\debug.ini = debug-configs\debug.ini
		sample-config.ini = sample-config.ini
	EndProjectSection
EndProject
Global
	GlobalSection(SolutionConfigurationPlatforms) = preSolution
		Debug|Any CPU = Debug|Any CPU
		Debug|x64 = Debug|x64
		Release|Any CPU = Release|Any CPU
		Release|x64 = Release|x64
	EndGlobalSection
	GlobalSection(ProjectConfigurationPlatforms) = postSolution
		{EB85EFDF-FA65-4130-98BA-0D3AB8ECEFED}.Debug|Any CPU.ActiveCfg = Debug|Any CPU
		{EB85EFDF-FA65-4130-98BA-0D3AB8ECEFED}.Debug|Any CPU.Build.0 = Debug|Any CPU
		{EB85EFDF-FA65-4130-98BA-0D3AB8ECEFED}.Debug|x64.ActiveCfg = Debug|x64
		{EB85EFDF-FA65-4130-98BA-0D3AB8ECEFED}.Debug|x64.Build.0 = Debug|x64
		{EB85EFDF-FA65-4130-98BA-0D3AB8ECEFED}.Release|Any CPU.ActiveCfg = Release|Any CPU
		{EB85EFDF-FA65-4130-98BA-0D3AB8ECEFED}.Release|Any CPU.Build.0 = Release|Any CPU
		{EB85EFDF-FA65-4130-98BA-0D3AB8ECEFED}.Release|x64.ActiveCfg = Release|x64
		{EB85EFDF-FA65-4130-98BA-0D3AB8ECEFED}.Release|x64.Build.0 = Release|x64
	EndGlobalSection
	GlobalSection(SolutionProperties) = preSolution
		HideSolutionNode = FALSE
	EndGlobalSection
	GlobalSection(NestedProjects) = preSolution
		{A7D16816-0B33-44E3-9BE7-C0D4C91B8795} = {12634420-DB3F-43E8-9273-D9B761064D59}
	EndGlobalSection
	GlobalSection(ExtensibilityGlobals) = postSolution
		SolutionGuid = {68C4B84D-5072-409E-860A-1A1893B648E4}
	EndGlobalSection
EndGlobal
